
Microsoft Visual Studio Solution File, Format Version 12.00
# Visual Studio 15
VisualStudioVersion = 15.0.28307.852
MinimumVisualStudioVersion = 10.0.40219.1
Project("{00D1A9C2-B5F0-4AF3-8072-F6C62B433612}") = "HttpDb", "HttpDb\HttpDb.sqlproj", "{43E35CF0-2F00-44F5-A5DB-CCD2C906AA0B}"
EndProject
Global
	GlobalSection(SolutionConfigurationPlatforms) = preSolution
		Debug|Any CPU = Debug|Any CPU
		Release|Any CPU = Release|Any CPU
	EndGlobalSection
	GlobalSection(ProjectConfigurationPlatforms) = postSolution
		{43E35CF0-2F00-44F5-A5DB-CCD2C906AA0B}.Debug|Any CPU.ActiveCfg = Debug|Any CPU
		{43E35CF0-2F00-44F5-A5DB-CCD2C906AA0B}.Debug|Any CPU.Build.0 = Debug|Any CPU
		{43E35CF0-2F00-44F5-A5DB-CCD2C906AA0B}.Debug|Any CPU.Deploy.0 = Debug|Any CPU
		{43E35CF0-2F00-44F5-A5DB-CCD2C906AA0B}.Release|Any CPU.ActiveCfg = Release|Any CPU
		{43E35CF0-2F00-44F5-A5DB-CCD2C906AA0B}.Release|Any CPU.Build.0 = Release|Any CPU
		{43E35CF0-2F00-44F5-A5DB-CCD2C906AA0B}.Release|Any CPU.Deploy.0 = Release|Any CPU
	EndGlobalSection
	GlobalSection(SolutionProperties) = preSolution
		HideSolutionNode = FALSE
	EndGlobalSection
	GlobalSection(ExtensibilityGlobals) = postSolution
		SolutionGuid = {EA0E243A-C2B4-4AC1-AEE6-AA7ACF1E4E3B}
	EndGlobalSection
EndGlobal
